
Microsoft Visual Studio Solution File, Format Version 12.00
# Visual Studio 15
VisualStudioVersion = 15.0.27703.2026
MinimumVisualStudioVersion = 10.0.40219.1
Project("{FAE04EC0-301F-11D3-BF4B-00C04F79EFBC}") = "Ahbc.Class.Seven", "Ahbc.Class.Seven\Ahbc.Class.Seven.csproj", "{D2646286-ADCF-433F-98C5-4FFCAC181510}"
EndProject
Global
	GlobalSection(SolutionConfigurationPlatforms) = preSolution
		Debug|Any CPU = Debug|Any CPU
		Release|Any CPU = Release|Any CPU
	EndGlobalSection
	GlobalSection(ProjectConfigurationPlatforms) = postSolution
		{D2646286-ADCF-433F-98C5-4FFCAC181510}.Debug|Any CPU.ActiveCfg = Debug|Any CPU
		{D2646286-ADCF-433F-98C5-4FFCAC181510}.Debug|Any CPU.Build.0 = Debug|Any CPU
		{D2646286-ADCF-433F-98C5-4FFCAC181510}.Release|Any CPU.ActiveCfg = Release|Any CPU
		{D2646286-ADCF-433F-98C5-4FFCAC181510}.Release|Any CPU.Build.0 = Release|Any CPU
	EndGlobalSection
	GlobalSection(SolutionProperties) = preSolution
		HideSolutionNode = FALSE
	EndGlobalSection
	GlobalSection(ExtensibilityGlobals) = postSolution
		SolutionGuid = {CDB2E279-1584-46D2-B64D-E46E5A5D8772}
	EndGlobalSection
EndGlobal
