
Microsoft Visual Studio Solution File, Format Version 12.00
# Visual Studio 15
VisualStudioVersion = 15.0.27703.2026
MinimumVisualStudioVersion = 10.0.40219.1
Project("{FAE04EC0-301F-11D3-BF4B-00C04F79EFBC}") = "Ahbc.Class.TwentySeven", "Ahbc.Class.TwentySeven\Ahbc.Class.TwentySeven.csproj", "{D1A84E2D-3078-4616-AFB8-D58A33F02A8B}"
EndProject
Project("{FAE04EC0-301F-11D3-BF4B-00C04F79EFBC}") = "Ahbc.Class.TwentySeven.Tests", "Ahbc.Class.TwentySeven.Tests\Ahbc.Class.TwentySeven.Tests.csproj", "{625CAA96-DB46-40D9-827C-EE08FA9BD9C4}"
EndProject
Global
	GlobalSection(SolutionConfigurationPlatforms) = preSolution
		Debug|Any CPU = Debug|Any CPU
		Release|Any CPU = Release|Any CPU
	EndGlobalSection
	GlobalSection(ProjectConfigurationPlatforms) = postSolution
		{D1A84E2D-3078-4616-AFB8-D58A33F02A8B}.Debug|Any CPU.ActiveCfg = Debug|Any CPU
		{D1A84E2D-3078-4616-AFB8-D58A33F02A8B}.Debug|Any CPU.Build.0 = Debug|Any CPU
		{D1A84E2D-3078-4616-AFB8-D58A33F02A8B}.Release|Any CPU.ActiveCfg = Release|Any CPU
		{D1A84E2D-3078-4616-AFB8-D58A33F02A8B}.Release|Any CPU.Build.0 = Release|Any CPU
		{625CAA96-DB46-40D9-827C-EE08FA9BD9C4}.Debug|Any CPU.ActiveCfg = Debug|Any CPU
		{625CAA96-DB46-40D9-827C-EE08FA9BD9C4}.Debug|Any CPU.Build.0 = Debug|Any CPU
		{625CAA96-DB46-40D9-827C-EE08FA9BD9C4}.Release|Any CPU.ActiveCfg = Release|Any CPU
		{625CAA96-DB46-40D9-827C-EE08FA9BD9C4}.Release|Any CPU.Build.0 = Release|Any CPU
	EndGlobalSection
	GlobalSection(SolutionProperties) = preSolution
		HideSolutionNode = FALSE
	EndGlobalSection
	GlobalSection(ExtensibilityGlobals) = postSolution
		SolutionGuid = {AE47FFAD-DB94-4290-B925-7E71625444C9}
	EndGlobalSection
EndGlobal
