
Microsoft Visual Studio Solution File, Format Version 12.00
# Visual Studio 15
VisualStudioVersion = 15.0.27703.2026
MinimumVisualStudioVersion = 10.0.40219.1
Project("{FAE04EC0-301F-11D3-BF4B-00C04F79EFBC}") = "Ahbc.Class.Two", "Ahbc.Class.Two\Ahbc.Class.Two.csproj", "{2873CFD0-179C-4202-9633-DECD07598FD1}"
EndProject
Global
	GlobalSection(SolutionConfigurationPlatforms) = preSolution
		Debug|Any CPU = Debug|Any CPU
		Release|Any CPU = Release|Any CPU
	EndGlobalSection
	GlobalSection(ProjectConfigurationPlatforms) = postSolution
		{2873CFD0-179C-4202-9633-DECD07598FD1}.Debug|Any CPU.ActiveCfg = Debug|Any CPU
		{2873CFD0-179C-4202-9633-DECD07598FD1}.Debug|Any CPU.Build.0 = Debug|Any CPU
		{2873CFD0-179C-4202-9633-DECD07598FD1}.Release|Any CPU.ActiveCfg = Release|Any CPU
		{2873CFD0-179C-4202-9633-DECD07598FD1}.Release|Any CPU.Build.0 = Release|Any CPU
	EndGlobalSection
	GlobalSection(SolutionProperties) = preSolution
		HideSolutionNode = FALSE
	EndGlobalSection
	GlobalSection(ExtensibilityGlobals) = postSolution
		SolutionGuid = {682B56C1-F239-4F08-8D04-D66338F5579D}
	EndGlobalSection
EndGlobal
