
Microsoft Visual Studio Solution File, Format Version 12.00
# Visual Studio 15
VisualStudioVersion = 15.0.27703.2026
MinimumVisualStudioVersion = 10.0.40219.1
Project("{FAE04EC0-301F-11D3-BF4B-00C04F79EFBC}") = "Ahbc.Class.Three", "Ahbc.Class.Three\Ahbc.Class.Three.csproj", "{45F0DC59-CC4E-4332-9FEF-87E43EC1D906}"
EndProject
Global
	GlobalSection(SolutionConfigurationPlatforms) = preSolution
		Debug|Any CPU = Debug|Any CPU
		Release|Any CPU = Release|Any CPU
	EndGlobalSection
	GlobalSection(ProjectConfigurationPlatforms) = postSolution
		{45F0DC59-CC4E-4332-9FEF-87E43EC1D906}.Debug|Any CPU.ActiveCfg = Debug|Any CPU
		{45F0DC59-CC4E-4332-9FEF-87E43EC1D906}.Debug|Any CPU.Build.0 = Debug|Any CPU
		{45F0DC59-CC4E-4332-9FEF-87E43EC1D906}.Release|Any CPU.ActiveCfg = Release|Any CPU
		{45F0DC59-CC4E-4332-9FEF-87E43EC1D906}.Release|Any CPU.Build.0 = Release|Any CPU
	EndGlobalSection
	GlobalSection(SolutionProperties) = preSolution
		HideSolutionNode = FALSE
	EndGlobalSection
	GlobalSection(ExtensibilityGlobals) = postSolution
		SolutionGuid = {2F47F7EB-8C73-4F81-A0A3-543E539000B3}
	EndGlobalSection
EndGlobal
