
Microsoft Visual Studio Solution File, Format Version 12.00
# Visual Studio 15
VisualStudioVersion = 15.0.27703.2026
MinimumVisualStudioVersion = 10.0.40219.1
Project("{FAE04EC0-301F-11D3-BF4B-00C04F79EFBC}") = "Ahbc.Class.TwentyFive", "Ahbc.Class.TwentyFive\Ahbc.Class.TwentyFive.csproj", "{C797FAB1-BF0E-4068-A0E4-E889E09A603C}"
EndProject
Global
	GlobalSection(SolutionConfigurationPlatforms) = preSolution
		Debug|Any CPU = Debug|Any CPU
		Release|Any CPU = Release|Any CPU
	EndGlobalSection
	GlobalSection(ProjectConfigurationPlatforms) = postSolution
		{C797FAB1-BF0E-4068-A0E4-E889E09A603C}.Debug|Any CPU.ActiveCfg = Debug|Any CPU
		{C797FAB1-BF0E-4068-A0E4-E889E09A603C}.Debug|Any CPU.Build.0 = Debug|Any CPU
		{C797FAB1-BF0E-4068-A0E4-E889E09A603C}.Release|Any CPU.ActiveCfg = Release|Any CPU
		{C797FAB1-BF0E-4068-A0E4-E889E09A603C}.Release|Any CPU.Build.0 = Release|Any CPU
	EndGlobalSection
	GlobalSection(SolutionProperties) = preSolution
		HideSolutionNode = FALSE
	EndGlobalSection
	GlobalSection(ExtensibilityGlobals) = postSolution
		SolutionGuid = {21F5B4E9-DC15-41C5-91EE-F545A1F25DDB}
	EndGlobalSection
EndGlobal
